
Microsoft Visual Studio Solution File, Format Version 12.00
# Visual Studio 2012
Project("{FAE04EC0-301F-11D3-BF4B-00C04F79EFBC}") = "IMS", "WpfMvvmApplication1\IMS.csproj", "{BBB6D219-65D9-4D84-81F2-5B3AC8E76A50}"
EndProject
Project("{FAE04EC0-301F-11D3-BF4B-00C04F79EFBC}") = "LTS_launcher", "LTS_launcher\LTS_launcher.csproj", "{47C23822-D776-4339-9F52-27A195025064}"
EndProject
Project("{FAE04EC0-301F-11D3-BF4B-00C04F79EFBC}") = "WebApplication2", "WebApplication2\WebApplication2.csproj", "{9FED18B3-647C-4E56-B456-E310DD195DCE}"
EndProject
Project("{FAE04EC0-301F-11D3-BF4B-00C04F79EFBC}") = "Azure_FileUpload", "..\..\..\Documents\Visual Studio 2015\Projects\Azure_FileUpload\Azure_FileUpload\Azure_FileUpload.csproj", "{CC1AA866-04AF-403C-AA02-73739B442E76}"
EndProject
Global
	GlobalSection(TeamFoundationVersionControl) = preSolution
		SccNumberOfProjects = 1
		SccEnterpriseProvider = {4CA58AB2-18FA-4F8D-95D4-32DDF27D184C}
		SccTeamFoundationServer = https://mdshahidkamal.visualstudio.com/
		SccProjectUniqueName0 = WpfMvvmApplication1\\IMS.csproj
		SccProjectName0 = $/Helloworld/IMSCode/WpfMvvmApplication1
		SccAuxPath0 = https://mdshahidkamal.visualstudio.com
		SccLocalPath0 = WpfMvvmApplication1
		SccProvider0 = {4CA58AB2-18FA-4F8D-95D4-32DDF27D184C}
	EndGlobalSection
	GlobalSection(SolutionConfigurationPlatforms) = preSolution
		CD_ROM|Any CPU = CD_ROM|Any CPU
		CD_ROM|Mixed Platforms = CD_ROM|Mixed Platforms
		CD_ROM|x86 = CD_ROM|x86
		Debug|Any CPU = Debug|Any CPU
		Debug|Mixed Platforms = Debug|Mixed Platforms
		Debug|x86 = Debug|x86
		DVD-5|Any CPU = DVD-5|Any CPU
		DVD-5|Mixed Platforms = DVD-5|Mixed Platforms
		DVD-5|x86 = DVD-5|x86
		Release|Any CPU = Release|Any CPU
		Release|Mixed Platforms = Release|Mixed Platforms
		Release|x86 = Release|x86
		SingleImage|Any CPU = SingleImage|Any CPU
		SingleImage|Mixed Platforms = SingleImage|Mixed Platforms
		SingleImage|x86 = SingleImage|x86
	EndGlobalSection
	GlobalSection(ProjectConfigurationPlatforms) = postSolution
		{BBB6D219-65D9-4D84-81F2-5B3AC8E76A50}.CD_ROM|Any CPU.ActiveCfg = Release|x86
		{BBB6D219-65D9-4D84-81F2-5B3AC8E76A50}.CD_ROM|Any CPU.Build.0 = Release|x86
		{BBB6D219-65D9-4D84-81F2-5B3AC8E76A50}.CD_ROM|Mixed Platforms.ActiveCfg = Release|x86
		{BBB6D219-65D9-4D84-81F2-5B3AC8E76A50}.CD_ROM|Mixed Platforms.Build.0 = Release|x86
		{BBB6D219-65D9-4D84-81F2-5B3AC8E76A50}.CD_ROM|x86.ActiveCfg = Release|x86
		{BBB6D219-65D9-4D84-81F2-5B3AC8E76A50}.CD_ROM|x86.Build.0 = Release|x86
		{BBB6D219-65D9-4D84-81F2-5B3AC8E76A50}.Debug|Any CPU.ActiveCfg = Debug|x86
		{BBB6D219-65D9-4D84-81F2-5B3AC8E76A50}.Debug|Any CPU.Build.0 = Debug|x86
		{BBB6D219-65D9-4D84-81F2-5B3AC8E76A50}.Debug|Mixed Platforms.ActiveCfg = Debug|x86
		{BBB6D219-65D9-4D84-81F2-5B3AC8E76A50}.Debug|Mixed Platforms.Build.0 = Debug|x86
		{BBB6D219-65D9-4D84-81F2-5B3AC8E76A50}.Debug|x86.ActiveCfg = Debug|x86
		{BBB6D219-65D9-4D84-81F2-5B3AC8E76A50}.Debug|x86.Build.0 = Debug|x86
		{BBB6D219-65D9-4D84-81F2-5B3AC8E76A50}.DVD-5|Any CPU.ActiveCfg = Release|x86
		{BBB6D219-65D9-4D84-81F2-5B3AC8E76A50}.DVD-5|Any CPU.Build.0 = Release|x86
		{BBB6D219-65D9-4D84-81F2-5B3AC8E76A50}.DVD-5|Mixed Platforms.ActiveCfg = Debug|x86
		{BBB6D219-65D9-4D84-81F2-5B3AC8E76A50}.DVD-5|Mixed Platforms.Build.0 = Debug|x86
		{BBB6D219-65D9-4D84-81F2-5B3AC8E76A50}.DVD-5|x86.ActiveCfg = Debug|x86
		{BBB6D219-65D9-4D84-81F2-5B3AC8E76A50}.DVD-5|x86.Build.0 = Debug|x86
		{BBB6D219-65D9-4D84-81F2-5B3AC8E76A50}.Release|Any CPU.ActiveCfg = Release|x86
		{BBB6D219-65D9-4D84-81F2-5B3AC8E76A50}.Release|Mixed Platforms.ActiveCfg = Release|x86
		{BBB6D219-65D9-4D84-81F2-5B3AC8E76A50}.Release|Mixed Platforms.Build.0 = Release|x86
		{BBB6D219-65D9-4D84-81F2-5B3AC8E76A50}.Release|x86.ActiveCfg = Release|x86
		{BBB6D219-65D9-4D84-81F2-5B3AC8E76A50}.Release|x86.Build.0 = Release|x86
		{BBB6D219-65D9-4D84-81F2-5B3AC8E76A50}.SingleImage|Any CPU.ActiveCfg = Release|x86
		{BBB6D219-65D9-4D84-81F2-5B3AC8E76A50}.SingleImage|Any CPU.Build.0 = Release|x86
		{BBB6D219-65D9-4D84-81F2-5B3AC8E76A50}.SingleImage|Mixed Platforms.ActiveCfg = Release|x86
		{BBB6D219-65D9-4D84-81F2-5B3AC8E76A50}.SingleImage|Mixed Platforms.Build.0 = Release|x86
		{BBB6D219-65D9-4D84-81F2-5B3AC8E76A50}.SingleImage|x86.ActiveCfg = Release|x86
		{BBB6D219-65D9-4D84-81F2-5B3AC8E76A50}.SingleImage|x86.Build.0 = Release|x86
		{47C23822-D776-4339-9F52-27A195025064}.CD_ROM|Any CPU.ActiveCfg = Release|Any CPU
		{47C23822-D776-4339-9F52-27A195025064}.CD_ROM|Any CPU.Build.0 = Release|Any CPU
		{47C23822-D776-4339-9F52-27A195025064}.CD_ROM|Mixed Platforms.ActiveCfg = Release|Any CPU
		{47C23822-D776-4339-9F52-27A195025064}.CD_ROM|Mixed Platforms.Build.0 = Release|Any CPU
		{47C23822-D776-4339-9F52-27A195025064}.CD_ROM|x86.ActiveCfg = Release|Any CPU
		{47C23822-D776-4339-9F52-27A195025064}.CD_ROM|x86.Build.0 = Release|Any CPU
		{47C23822-D776-4339-9F52-27A195025064}.Debug|Any CPU.ActiveCfg = Debug|Any CPU
		{47C23822-D776-4339-9F52-27A195025064}.Debug|Any CPU.Build.0 = Debug|Any CPU
		{47C23822-D776-4339-9F52-27A195025064}.Debug|Mixed Platforms.ActiveCfg = Debug|Any CPU
		{47C23822-D776-4339-9F52-27A195025064}.Debug|Mixed Platforms.Build.0 = Debug|Any CPU
		{47C23822-D776-4339-9F52-27A195025064}.Debug|x86.ActiveCfg = Debug|Any CPU
		{47C23822-D776-4339-9F52-27A195025064}.Debug|x86.Build.0 = Debug|Any CPU
		{47C23822-D776-4339-9F52-27A195025064}.DVD-5|Any CPU.ActiveCfg = Debug|Any CPU
		{47C23822-D776-4339-9F52-27A195025064}.DVD-5|Any CPU.Build.0 = Debug|Any CPU
		{47C23822-D776-4339-9F52-27A195025064}.DVD-5|Mixed Platforms.ActiveCfg = Debug|Any CPU
		{47C23822-D776-4339-9F52-27A195025064}.DVD-5|Mixed Platforms.Build.0 = Debug|Any CPU
		{47C23822-D776-4339-9F52-27A195025064}.DVD-5|x86.ActiveCfg = Debug|Any CPU
		{47C23822-D776-4339-9F52-27A195025064}.DVD-5|x86.Build.0 = Debug|Any CPU
		{47C23822-D776-4339-9F52-27A195025064}.Release|Any CPU.ActiveCfg = Release|Any CPU
		{47C23822-D776-4339-9F52-27A195025064}.Release|Any CPU.Build.0 = Release|Any CPU
		{47C23822-D776-4339-9F52-27A195025064}.Release|Mixed Platforms.ActiveCfg = Release|Any CPU
		{47C23822-D776-4339-9F52-27A195025064}.Release|Mixed Platforms.Build.0 = Release|Any CPU
		{47C23822-D776-4339-9F52-27A195025064}.Release|x86.ActiveCfg = Release|Any CPU
		{47C23822-D776-4339-9F52-27A195025064}.Release|x86.Build.0 = Release|Any CPU
		{47C23822-D776-4339-9F52-27A195025064}.SingleImage|Any CPU.ActiveCfg = Release|Any CPU
		{47C23822-D776-4339-9F52-27A195025064}.SingleImage|Any CPU.Build.0 = Release|Any CPU
		{47C23822-D776-4339-9F52-27A195025064}.SingleImage|Mixed Platforms.ActiveCfg = Release|Any CPU
		{47C23822-D776-4339-9F52-27A195025064}.SingleImage|Mixed Platforms.Build.0 = Release|Any CPU
		{47C23822-D776-4339-9F52-27A195025064}.SingleImage|x86.ActiveCfg = Release|Any CPU
		{47C23822-D776-4339-9F52-27A195025064}.SingleImage|x86.Build.0 = Release|Any CPU
		{9FED18B3-647C-4E56-B456-E310DD195DCE}.CD_ROM|Any CPU.ActiveCfg = Release|Any CPU
		{9FED18B3-647C-4E56-B456-E310DD195DCE}.CD_ROM|Any CPU.Build.0 = Release|Any CPU
		{9FED18B3-647C-4E56-B456-E310DD195DCE}.CD_ROM|Mixed Platforms.ActiveCfg = Release|Any CPU
		{9FED18B3-647C-4E56-B456-E310DD195DCE}.CD_ROM|Mixed Platforms.Build.0 = Release|Any CPU
		{9FED18B3-647C-4E56-B456-E310DD195DCE}.CD_ROM|x86.ActiveCfg = Release|Any CPU
		{9FED18B3-647C-4E56-B456-E310DD195DCE}.CD_ROM|x86.Build.0 = Release|Any CPU
		{9FED18B3-647C-4E56-B456-E310DD195DCE}.Debug|Any CPU.ActiveCfg = Debug|Any CPU
		{9FED18B3-647C-4E56-B456-E310DD195DCE}.Debug|Any CPU.Build.0 = Debug|Any CPU
		{9FED18B3-647C-4E56-B456-E310DD195DCE}.Debug|Mixed Platforms.ActiveCfg = Debug|Any CPU
		{9FED18B3-647C-4E56-B456-E310DD195DCE}.Debug|Mixed Platforms.Build.0 = Debug|Any CPU
		{9FED18B3-647C-4E56-B456-E310DD195DCE}.Debug|x86.ActiveCfg = Debug|Any CPU
		{9FED18B3-647C-4E56-B456-E310DD195DCE}.Debug|x86.Build.0 = Debug|Any CPU
		{9FED18B3-647C-4E56-B456-E310DD195DCE}.DVD-5|Any CPU.ActiveCfg = Debug|Any CPU
		{9FED18B3-647C-4E56-B456-E310DD195DCE}.DVD-5|Any CPU.Build.0 = Debug|Any CPU
		{9FED18B3-647C-4E56-B456-E310DD195DCE}.DVD-5|Mixed Platforms.ActiveCfg = Debug|Any CPU
		{9FED18B3-647C-4E56-B456-E310DD195DCE}.DVD-5|Mixed Platforms.Build.0 = Debug|Any CPU
		{9FED18B3-647C-4E56-B456-E310DD195DCE}.DVD-5|x86.ActiveCfg = Debug|Any CPU
		{9FED18B3-647C-4E56-B456-E310DD195DCE}.DVD-5|x86.Build.0 = Debug|Any CPU
		{9FED18B3-647C-4E56-B456-E310DD195DCE}.Release|Any CPU.ActiveCfg = Release|Any CPU
		{9FED18B3-647C-4E56-B456-E310DD195DCE}.Release|Any CPU.Build.0 = Release|Any CPU
		{9FED18B3-647C-4E56-B456-E310DD195DCE}.Release|Mixed Platforms.ActiveCfg = Release|Any CPU
		{9FED18B3-647C-4E56-B456-E310DD195DCE}.Release|Mixed Platforms.Build.0 = Release|Any CPU
		{9FED18B3-647C-4E56-B456-E310DD195DCE}.Release|x86.ActiveCfg = Release|Any CPU
		{9FED18B3-647C-4E56-B456-E310DD195DCE}.Release|x86.Build.0 = Release|Any CPU
		{9FED18B3-647C-4E56-B456-E310DD195DCE}.SingleImage|Any CPU.ActiveCfg = Release|Any CPU
		{9FED18B3-647C-4E56-B456-E310DD195DCE}.SingleImage|Any CPU.Build.0 = Release|Any CPU
		{9FED18B3-647C-4E56-B456-E310DD195DCE}.SingleImage|Mixed Platforms.ActiveCfg = Release|Any CPU
		{9FED18B3-647C-4E56-B456-E310DD195DCE}.SingleImage|Mixed Platforms.Build.0 = Release|Any CPU
		{9FED18B3-647C-4E56-B456-E310DD195DCE}.SingleImage|x86.ActiveCfg = Release|Any CPU
		{9FED18B3-647C-4E56-B456-E310DD195DCE}.SingleImage|x86.Build.0 = Release|Any CPU
		{CC1AA866-04AF-403C-AA02-73739B442E76}.CD_ROM|Any CPU.ActiveCfg = Release|Any CPU
		{CC1AA866-04AF-403C-AA02-73739B442E76}.CD_ROM|Any CPU.Build.0 = Release|Any CPU
		{CC1AA866-04AF-403C-AA02-73739B442E76}.CD_ROM|Mixed Platforms.ActiveCfg = Release|Any CPU
		{CC1AA866-04AF-403C-AA02-73739B442E76}.CD_ROM|Mixed Platforms.Build.0 = Release|Any CPU
		{CC1AA866-04AF-403C-AA02-73739B442E76}.CD_ROM|x86.ActiveCfg = Release|Any CPU
		{CC1AA866-04AF-403C-AA02-73739B442E76}.CD_ROM|x86.Build.0 = Release|Any CPU
		{CC1AA866-04AF-403C-AA02-73739B442E76}.Debug|Any CPU.ActiveCfg = Debug|Any CPU
		{CC1AA866-04AF-403C-AA02-73739B442E76}.Debug|Any CPU.Build.0 = Debug|Any CPU
		{CC1AA866-04AF-403C-AA02-73739B442E76}.Debug|Mixed Platforms.ActiveCfg = Debug|Any CPU
		{CC1AA866-04AF-403C-AA02-73739B442E76}.Debug|Mixed Platforms.Build.0 = Debug|Any CPU
		{CC1AA866-04AF-403C-AA02-73739B442E76}.Debug|x86.ActiveCfg = Debug|Any CPU
		{CC1AA866-04AF-403C-AA02-73739B442E76}.Debug|x86.Build.0 = Debug|Any CPU
		{CC1AA866-04AF-403C-AA02-73739B442E76}.DVD-5|Any CPU.ActiveCfg = Debug|Any CPU
		{CC1AA866-04AF-403C-AA02-73739B442E76}.DVD-5|Any CPU.Build.0 = Debug|Any CPU
		{CC1AA866-04AF-403C-AA02-73739B442E76}.DVD-5|Mixed Platforms.ActiveCfg = Debug|Any CPU
		{CC1AA866-04AF-403C-AA02-73739B442E76}.DVD-5|Mixed Platforms.Build.0 = Debug|Any CPU
		{CC1AA866-04AF-403C-AA02-73739B442E76}.DVD-5|x86.ActiveCfg = Debug|Any CPU
		{CC1AA866-04AF-403C-AA02-73739B442E76}.DVD-5|x86.Build.0 = Debug|Any CPU
		{CC1AA866-04AF-403C-AA02-73739B442E76}.Release|Any CPU.ActiveCfg = Release|Any CPU
		{CC1AA866-04AF-403C-AA02-73739B442E76}.Release|Any CPU.Build.0 = Release|Any CPU
		{CC1AA866-04AF-403C-AA02-73739B442E76}.Release|Mixed Platforms.ActiveCfg = Release|Any CPU
		{CC1AA866-04AF-403C-AA02-73739B442E76}.Release|Mixed Platforms.Build.0 = Release|Any CPU
		{CC1AA866-04AF-403C-AA02-73739B442E76}.Release|x86.ActiveCfg = Release|Any CPU
		{CC1AA866-04AF-403C-AA02-73739B442E76}.Release|x86.Build.0 = Release|Any CPU
		{CC1AA866-04AF-403C-AA02-73739B442E76}.SingleImage|Any CPU.ActiveCfg = Release|Any CPU
		{CC1AA866-04AF-403C-AA02-73739B442E76}.SingleImage|Any CPU.Build.0 = Release|Any CPU
		{CC1AA866-04AF-403C-AA02-73739B442E76}.SingleImage|Mixed Platforms.ActiveCfg = Release|Any CPU
		{CC1AA866-04AF-403C-AA02-73739B442E76}.SingleImage|Mixed Platforms.Build.0 = Release|Any CPU
		{CC1AA866-04AF-403C-AA02-73739B442E76}.SingleImage|x86.ActiveCfg = Release|Any CPU
		{CC1AA866-04AF-403C-AA02-73739B442E76}.SingleImage|x86.Build.0 = Release|Any CPU
	EndGlobalSection
	GlobalSection(SolutionProperties) = preSolution
		HideSolutionNode = FALSE
	EndGlobalSection
EndGlobal
